
Microsoft Visual Studio Solution File, Format Version 12.00
# Visual Studio Version 17
VisualStudioVersion = 17.4.33122.133
MinimumVisualStudioVersion = 10.0.40219.1
Project("{FAE04EC0-301F-11D3-BF4B-00C04F79EFBC}") = "FitnessHomeApplication.CMD", "FitnessHomeApplication\FitnessHomeApplication.CMD.csproj", "{504CEEDC-AC10-4857-AAF0-69C3F0CBBAF0}"
EndProject
Project("{FAE04EC0-301F-11D3-BF4B-00C04F79EFBC}") = "FitnessHomeApplication.BL", "MyFitnessHomework.BL\FitnessHomeApplication.BL.csproj", "{E6971F30-94C8-4F9C-AF14-9A175AE4190E}"
EndProject
Project("{FAE04EC0-301F-11D3-BF4B-00C04F79EFBC}") = "FitnessHomeApplication.BLTests", "FitnessHomeApplication.BLTests\FitnessHomeApplication.BLTests.csproj", "{4CB8233C-F828-4E32-B4D9-A63E8D02E13F}"
EndProject
Global
	GlobalSection(SolutionConfigurationPlatforms) = preSolution
		Debug|Any CPU = Debug|Any CPU
		Release|Any CPU = Release|Any CPU
	EndGlobalSection
	GlobalSection(ProjectConfigurationPlatforms) = postSolution
		{504CEEDC-AC10-4857-AAF0-69C3F0CBBAF0}.Debug|Any CPU.ActiveCfg = Debug|Any CPU
		{504CEEDC-AC10-4857-AAF0-69C3F0CBBAF0}.Debug|Any CPU.Build.0 = Debug|Any CPU
		{504CEEDC-AC10-4857-AAF0-69C3F0CBBAF0}.Release|Any CPU.ActiveCfg = Release|Any CPU
		{504CEEDC-AC10-4857-AAF0-69C3F0CBBAF0}.Release|Any CPU.Build.0 = Release|Any CPU
		{E6971F30-94C8-4F9C-AF14-9A175AE4190E}.Debug|Any CPU.ActiveCfg = Debug|Any CPU
		{E6971F30-94C8-4F9C-AF14-9A175AE4190E}.Debug|Any CPU.Build.0 = Debug|Any CPU
		{E6971F30-94C8-4F9C-AF14-9A175AE4190E}.Release|Any CPU.ActiveCfg = Release|Any CPU
		{E6971F30-94C8-4F9C-AF14-9A175AE4190E}.Release|Any CPU.Build.0 = Release|Any CPU
		{4CB8233C-F828-4E32-B4D9-A63E8D02E13F}.Debug|Any CPU.ActiveCfg = Debug|Any CPU
		{4CB8233C-F828-4E32-B4D9-A63E8D02E13F}.Debug|Any CPU.Build.0 = Debug|Any CPU
		{4CB8233C-F828-4E32-B4D9-A63E8D02E13F}.Release|Any CPU.ActiveCfg = Release|Any CPU
		{4CB8233C-F828-4E32-B4D9-A63E8D02E13F}.Release|Any CPU.Build.0 = Release|Any CPU
	EndGlobalSection
	GlobalSection(SolutionProperties) = preSolution
		HideSolutionNode = FALSE
	EndGlobalSection
	GlobalSection(ExtensibilityGlobals) = postSolution
		SolutionGuid = {1F218ACC-4D9B-4791-8953-4D63759C193E}
	EndGlobalSection
EndGlobal
